
Microsoft Visual Studio Solution File, Format Version 12.00
# Visual Studio Version 16
VisualStudioVersion = 16.0.31515.178
MinimumVisualStudioVersion = 10.0.40219.1
Project("{FAE04EC0-301F-11D3-BF4B-00C04F79EFBC}") = "FIT5032-2021S2New", "FIT5032-2021S2New\FIT5032-2021S2New.csproj", "{B8B97F42-A795-4C22-B8C1-FE2B0E274CAC}"
EndProject
Global
	GlobalSection(SolutionConfigurationPlatforms) = preSolution
		Debug|Any CPU = Debug|Any CPU
		Release|Any CPU = Release|Any CPU
	EndGlobalSection
	GlobalSection(ProjectConfigurationPlatforms) = postSolution
		{B8B97F42-A795-4C22-B8C1-FE2B0E274CAC}.Debug|Any CPU.ActiveCfg = Debug|Any CPU
		{B8B97F42-A795-4C22-B8C1-FE2B0E274CAC}.Debug|Any CPU.Build.0 = Debug|Any CPU
		{B8B97F42-A795-4C22-B8C1-FE2B0E274CAC}.Release|Any CPU.ActiveCfg = Release|Any CPU
		{B8B97F42-A795-4C22-B8C1-FE2B0E274CAC}.Release|Any CPU.Build.0 = Release|Any CPU
	EndGlobalSection
	GlobalSection(SolutionProperties) = preSolution
		HideSolutionNode = FALSE
	EndGlobalSection
	GlobalSection(ExtensibilityGlobals) = postSolution
		SolutionGuid = {5AEB8D11-050B-447F-A029-F24A2AA6CA3E}
	EndGlobalSection
EndGlobal
